<?xml version="1.0" encoding="utf-8"?>
<Project ToolsVersion="4.0" xmlns="http://schemas.microsoft.com/developer/msbuild/2003">
  <ItemGroup>
    <Filter Include="소스 파일">
      <UniqueIdentifier>{4FC737F1-C7A5-4376-A066-2A32D752A2FF}</UniqueIdentifier>
      <Extensions>cpp;c;cc;cxx;def;odl;idl;hpj;bat;asm;asmx</Extensions>
    </Filter>
    <Filter Include="헤더 파일">
      <UniqueIdentifier>{93995380-89BD-4b04-88EB-625FBE52EBFB}</UniqueIdentifier>
      <Extensions>h;hh;hpp;hxx;hm;inl;inc;xsd</Extensions>
    </Filter>
    <Filter Include="리소스 파일">
      <UniqueIdentifier>{67DA6AB6-F800-4c08-8B7A-83BB121AAD01}</UniqueIdentifier>
      <Extensions>rc;ico;cur;bmp;dlg;rc2;rct;bin;rgs;gif;jpg;jpeg;jpe;resx;tiff;tif;png;wav;mfcribbon-ms</Extensions>
    </Filter>
    <Filter Include="소스 파일\Graphics">
      <UniqueIdentifier>{75ed5fee-9fb8-48e8-ae18-91fe2e534316}</UniqueIdentifier>
    </Filter>
    <Filter Include="소스 파일\System">
      <UniqueIdentifier>{5f7e21f8-099b-4c30-be7e-146d70970385}</UniqueIdentifier>
    </Filter>
    <Filter Include="소스 파일\DataStructure">
      <UniqueIdentifier>{a15598b7-871a-4c05-ae5c-68c8b4e1e90e}</UniqueIdentifier>
    </Filter>
    <Filter Include="소스 파일\Scene">
      <UniqueIdentifier>{dd6c534d-42e4-41b0-bc6a-fe7bf01e2b9e}</UniqueIdentifier>
    </Filter>
    <Filter Include="소스 파일\Scene\Game">
      <UniqueIdentifier>{1679a7df-ca36-4598-b479-2c2484fc3486}</UniqueIdentifier>
    </Filter>
    <Filter Include="소스 파일\Scene\Title">
      <UniqueIdentifier>{9bfedec4-ef9c-46b5-a51b-612409789f26}</UniqueIdentifier>
    </Filter>
    <Filter Include="소스 파일\Scene\Result">
      <UniqueIdentifier>{6c56147e-563b-457e-ba53-a7a73e50f807}</UniqueIdentifier>
    </Filter>
    <Filter Include="소스 파일\Scene\Logo">
      <UniqueIdentifier>{2418bdb9-23c7-467b-bad2-b250a3e0f7a2}</UniqueIdentifier>
    </Filter>
    <Filter Include="소스 파일\BMXPlayer">
      <UniqueIdentifier>{3d32ccaa-9708-4ccb-a941-20d3d4f2d0ee}</UniqueIdentifier>
    </Filter>
    <Filter Include="소스 파일\BMXPlayer\BMS">
      <UniqueIdentifier>{72551387-4c1e-4853-b38a-1ff928b7fcce}</UniqueIdentifier>
    </Filter>
    <Filter Include="소스 파일\BMXPlayer\Action">
      <UniqueIdentifier>{91e79477-327c-48d1-9952-c9120ea3d8e7}</UniqueIdentifier>
    </Filter>
    <Filter Include="소스 파일\BMXPlayer\System">
      <UniqueIdentifier>{b320057e-627b-4a62-af6b-05297a902151}</UniqueIdentifier>
    </Filter>
    <Filter Include="소스 파일\BMXPlayer\Game">
      <UniqueIdentifier>{14677e97-63a5-448b-8d10-6f468d4addb7}</UniqueIdentifier>
    </Filter>
    <Filter Include="소스 파일\BMXPlayer\Player">
      <UniqueIdentifier>{c0e2c1c7-6e29-4bc4-8b0a-612e99433062}</UniqueIdentifier>
    </Filter>
    <Filter Include="소스 파일\BMXPlayer\Skin">
      <UniqueIdentifier>{fd6f3aae-d58c-440f-b573-68f996880686}</UniqueIdentifier>
    </Filter>
  </ItemGroup>
  <ItemGroup>
    <ClCompile Include="Sprite.cpp">
      <Filter>소스 파일\Graphics</Filter>
    </ClCompile>
    <ClCompile Include="GameSystem.cpp">
      <Filter>소스 파일\System</Filter>
    </ClCompile>
    <ClCompile Include="Texture.cpp">
      <Filter>소스 파일\Graphics</Filter>
    </ClCompile>
    <ClCompile Include="ResourceManager.cpp">
      <Filter>소스 파일\System</Filter>
    </ClCompile>
    <ClCompile Include="GameScene.cpp">
      <Filter>소스 파일\Scene\Game</Filter>
    </ClCompile>
    <ClCompile Include="Note.cpp">
      <Filter>소스 파일\Scene\Game</Filter>
    </ClCompile>
    <ClCompile Include="Track.cpp">
      <Filter>소스 파일\Scene\Game</Filter>
    </ClCompile>
    <ClCompile Include="TitleScene.cpp">
      <Filter>소스 파일\Scene\Title</Filter>
    </ClCompile>
    <ClCompile Include="Scene.cpp">
      <Filter>소스 파일\Scene</Filter>
    </ClCompile>
    <ClCompile Include="SceneManager.cpp">
      <Filter>소스 파일\Scene</Filter>
    </ClCompile>
    <ClCompile Include="ResultScene.cpp">
      <Filter>소스 파일\Scene\Result</Filter>
    </ClCompile>
    <ClCompile Include="LogoScene.cpp">
      <Filter>소스 파일\Scene\Logo</Filter>
    </ClCompile>
    <ClCompile Include="ActionRenderer.h">
      <Filter>소스 파일\BMXPlayer\Action</Filter>
    </ClCompile>
    <ClCompile Include="ActionBasic.cpp">
      <Filter>소스 파일\BMXPlayer\Action</Filter>
    </ClCompile>
    <ClCompile Include="ActionPlay.cpp">
      <Filter>소스 파일\BMXPlayer\Action</Filter>
    </ClCompile>
    <ClCompile Include="ActionRenderer.cpp">
      <Filter>소스 파일\BMXPlayer\Action</Filter>
    </ClCompile>
    <ClCompile Include="Audio.cpp">
      <Filter>소스 파일\BMXPlayer\System</Filter>
    </ClCompile>
    <ClCompile Include="BMSResource.cpp">
      <Filter>소스 파일\BMXPlayer\BMS</Filter>
    </ClCompile>
    <ClCompile Include="File.cpp">
      <Filter>소스 파일\BMXPlayer\System</Filter>
    </ClCompile>
    <ClCompile Include="Game.cpp">
      <Filter>소스 파일\BMXPlayer\Game</Filter>
    </ClCompile>
    <ClCompile Include="GamePlay.cpp">
      <Filter>소스 파일\BMXPlayer\Game</Filter>
    </ClCompile>
    <ClCompile Include="GameResult.cpp">
      <Filter>소스 파일\BMXPlayer\Game</Filter>
    </ClCompile>
    <ClCompile Include="GameSetting.cpp">
      <Filter>소스 파일\BMXPlayer\Game</Filter>
    </ClCompile>
    <ClCompile Include="GlobalResources.cpp">
      <Filter>소스 파일\BMXPlayer\System</Filter>
    </ClCompile>
    <ClCompile Include="Image.cpp">
      <Filter>소스 파일\BMXPlayer\System</Filter>
    </ClCompile>
    <ClCompile Include="Logger.cpp">
      <Filter>소스 파일\BMXPlayer\System</Filter>
    </ClCompile>
    <ClCompile Include="LuaManager.cpp">
      <Filter>소스 파일\BMXPlayer\System</Filter>
    </ClCompile>
    <ClCompile Include="old_main.cpp">
      <Filter>소스 파일</Filter>
    </ClCompile>
    <ClCompile Include="main.cpp">
      <Filter>소스 파일\BMXPlayer</Filter>
    </ClCompile>
    <ClCompile Include="MD5.cpp">
      <Filter>소스 파일\BMXPlayer\System</Filter>
    </ClCompile>
    <ClCompile Include="Player.cpp">
      <Filter>소스 파일\BMXPlayer\Player</Filter>
    </ClCompile>
    <ClCompile Include="PlayerInfo.cpp">
      <Filter>소스 파일\BMXPlayer\Player</Filter>
    </ClCompile>
    <ClCompile Include="Skin.cpp">
      <Filter>소스 파일\BMXPlayer\Skin</Filter>
    </ClCompile>
    <ClCompile Include="skinlr2.cpp">
      <Filter>소스 파일\BMXPlayer\Skin</Filter>
    </ClCompile>
    <ClCompile Include="SkinOption.cpp">
      <Filter>소스 파일\BMXPlayer\Skin</Filter>
    </ClCompile>
    <ClCompile Include="SkinTextureFont.cpp">
      <Filter>소스 파일\BMXPlayer\Skin</Filter>
    </ClCompile>
    <ClCompile Include="SkinUtil.cpp">
      <Filter>소스 파일\BMXPlayer\Skin</Filter>
    </ClCompile>
    <ClCompile Include="Timer.cpp">
      <Filter>소스 파일\BMXPlayer\System</Filter>
    </ClCompile>
    <ClCompile Include="Util.cpp">
      <Filter>소스 파일\BMXPlayer\System</Filter>
    </ClCompile>
    <ClCompile Include="O_Font.cpp">
      <Filter>소스 파일\Graphics</Filter>
    </ClCompile>
    <ClCompile Include="Font.h">
      <Filter>소스 파일\BMXPlayer\System</Filter>
    </ClCompile>
    <ClCompile Include="Font.cpp">
      <Filter>소스 파일\BMXPlayer\System</Filter>
    </ClCompile>
  </ItemGroup>
  <ItemGroup>
    <ClInclude Include="Sprite.h">
      <Filter>소스 파일\Graphics</Filter>
    </ClInclude>
    <ClInclude Include="GameSystem.h">
      <Filter>소스 파일\System</Filter>
    </ClInclude>
    <ClInclude Include="Array.h">
      <Filter>소스 파일\DataStructure</Filter>
    </ClInclude>
    <ClInclude Include="DLinkedList.h">
      <Filter>소스 파일\DataStructure</Filter>
    </ClInclude>
    <ClInclude Include="Texture.h">
      <Filter>소스 파일\Graphics</Filter>
    </ClInclude>
    <ClInclude Include="ResourceManager.h">
      <Filter>소스 파일\System</Filter>
    </ClInclude>
    <ClInclude Include="GameScene.h">
      <Filter>소스 파일\Scene\Game</Filter>
    </ClInclude>
    <ClInclude Include="Note.h">
      <Filter>소스 파일\Scene\Game</Filter>
    </ClInclude>
    <ClInclude Include="Track.h">
      <Filter>소스 파일\Scene\Game</Filter>
    </ClInclude>
    <ClInclude Include="TitleScene.h">
      <Filter>소스 파일\Scene\Title</Filter>
    </ClInclude>
    <ClInclude Include="Scene.h">
      <Filter>소스 파일\Scene</Filter>
    </ClInclude>
    <ClInclude Include="SceneManager.h">
      <Filter>소스 파일\Scene</Filter>
    </ClInclude>
    <ClInclude Include="ResultScene.h">
      <Filter>소스 파일\Scene\Result</Filter>
    </ClInclude>
    <ClInclude Include="LogoScene.h">
      <Filter>소스 파일\Scene\Logo</Filter>
    </ClInclude>
    <ClInclude Include="ActionBasic.h">
      <Filter>소스 파일\BMXPlayer\Action</Filter>
    </ClInclude>
    <ClInclude Include="ActionPlay.h">
      <Filter>소스 파일\BMXPlayer\Action</Filter>
    </ClInclude>
    <ClInclude Include="Audio.h">
      <Filter>소스 파일\BMXPlayer\System</Filter>
    </ClInclude>
    <ClInclude Include="BMSResource.h">
      <Filter>소스 파일\BMXPlayer\BMS</Filter>
    </ClInclude>
    <ClInclude Include="Exception.h">
      <Filter>소스 파일\BMXPlayer\System</Filter>
    </ClInclude>
    <ClInclude Include="File.h">
      <Filter>소스 파일\BMXPlayer\System</Filter>
    </ClInclude>
    <ClInclude Include="Game.h">
      <Filter>소스 파일\BMXPlayer\Game</Filter>
    </ClInclude>
    <ClInclude Include="GamePlay.h">
      <Filter>소스 파일\BMXPlayer\Game</Filter>
    </ClInclude>
    <ClInclude Include="GameResult.h">
      <Filter>소스 파일\BMXPlayer\Game</Filter>
    </ClInclude>
    <ClInclude Include="GameSetting.h">
      <Filter>소스 파일\BMXPlayer\Game</Filter>
    </ClInclude>
    <ClInclude Include="Global.h">
      <Filter>소스 파일\BMXPlayer\System</Filter>
    </ClInclude>
    <ClInclude Include="GlobalResources.h">
      <Filter>소스 파일\BMXPlayer\System</Filter>
    </ClInclude>
    <ClInclude Include="HandleArgs.h">
      <Filter>소스 파일\BMXPlayer\System</Filter>
    </ClInclude>
    <ClInclude Include="Image.h">
      <Filter>소스 파일\BMXPlayer\System</Filter>
    </ClInclude>
    <ClInclude Include="Logger.h">
      <Filter>소스 파일\BMXPlayer\System</Filter>
    </ClInclude>
    <ClInclude Include="LuaManager.h">
      <Filter>소스 파일\BMXPlayer\System</Filter>
    </ClInclude>
    <ClInclude Include="Player.h">
      <Filter>소스 파일\BMXPlayer\Player</Filter>
    </ClInclude>
    <ClInclude Include="PlayerInfo.h">
      <Filter>소스 파일\BMXPlayer\Player</Filter>
    </ClInclude>
    <ClInclude Include="PlayerRecord.h">
      <Filter>소스 파일\BMXPlayer\Player</Filter>
    </ClInclude>
    <ClInclude Include="Resource.h">
      <Filter>소스 파일\BMXPlayer\System</Filter>
    </ClInclude>
    <ClInclude Include="Skin.h">
      <Filter>소스 파일\BMXPlayer\Skin</Filter>
    </ClInclude>
    <ClInclude Include="SkinOption.h">
      <Filter>소스 파일\BMXPlayer\Skin</Filter>
    </ClInclude>
    <ClInclude Include="SkinTextureFont.h">
      <Filter>소스 파일\BMXPlayer\Skin</Filter>
    </ClInclude>
    <ClInclude Include="SkinUtil.h">
      <Filter>소스 파일\BMXPlayer\Skin</Filter>
    </ClInclude>
    <ClInclude Include="StdString.h">
      <Filter>소스 파일\BMXPlayer\System</Filter>
    </ClInclude>
    <ClInclude Include="Timer.h">
      <Filter>소스 파일\BMXPlayer\System</Filter>
    </ClInclude>
    <ClInclude Include="Util.h">
      <Filter>소스 파일\BMXPlayer\System</Filter>
    </ClInclude>
    <ClInclude Include="Version.h">
      <Filter>소스 파일\BMXPlayer\System</Filter>
    </ClInclude>
    <ClInclude Include="O_Font.h">
      <Filter>소스 파일\Graphics</Filter>
    </ClInclude>
  </ItemGroup>
  <ItemGroup>
    <ResourceCompile Include="simplebmxplayer.rc">
      <Filter>리소스 파일</Filter>
    </ResourceCompile>
  </ItemGroup>
  <ItemGroup>
    <None Include="MD5.h">
      <Filter>소스 파일\BMXPlayer\System</Filter>
    </None>
  </ItemGroup>
</Project>